PODS:
  - SnapKit (4.0.0)
  - TKVersatile (0.1.6):
    - TKVersatile/TKCyclicView (= 0.1.6)
    - TKVersatile/TKLyphardMelodyView (= 0.1.6)
    - TKVersatile/TKTransparentNavigationBarViewController (= 0.1.6)
  - TKVersatile/TKCyclicView (0.1.6)
  - TKVersatile/TKLyphardMelodyView (0.1.6)
  - TKVersatile/TKTransparentNavigationBarViewController (0.1.6)

DEPENDENCIES:
  - SnapKit (~> 4.0)
  - TKVersatile (from `../`)

EXTERNAL SOURCES:
  TKVersatile:
    :path: ../

SPEC CHECKSUMS:
  SnapKit: a42d492c16e80209130a3379f73596c3454b7694
  TKVersatile: 85823f2f98604f7bc969f489b41784749859b162

PODFILE CHECKSUM: 01c14bf8e82f8c40132a5495c11ba8e98ae56baa

COCOAPODS: 1.4.0
